
Microsoft Visual Studio Solution File, Format Version 12.00
# Visual Studio Version 16
VisualStudioVersion = 16.0.30413.136
MinimumVisualStudioVersion = 10.0.40219.1
Project("{F184B08F-C81C-45F6-A57F-5ABD9991F28F}") = "Conversor de Monedas", "Conversor de Monedas\Conversor de Monedas.vbproj", "{A38672D7-B32C-4FD9-B1F6-5278FEEF3531}"
EndProject
Global
	GlobalSection(SolutionConfigurationPlatforms) = preSolution
		Debug|Any CPU = Debug|Any CPU
		Release|Any CPU = Release|Any CPU
	EndGlobalSection
	GlobalSection(ProjectConfigurationPlatforms) = postSolution
		{A38672D7-B32C-4FD9-B1F6-5278FEEF3531}.Debug|Any CPU.ActiveCfg = Debug|Any CPU
		{A38672D7-B32C-4FD9-B1F6-5278FEEF3531}.Debug|Any CPU.Build.0 = Debug|Any CPU
		{A38672D7-B32C-4FD9-B1F6-5278FEEF3531}.Release|Any CPU.ActiveCfg = Release|Any CPU
		{A38672D7-B32C-4FD9-B1F6-5278FEEF3531}.Release|Any CPU.Build.0 = Release|Any CPU
	EndGlobalSection
	GlobalSection(SolutionProperties) = preSolution
		HideSolutionNode = FALSE
	EndGlobalSection
	GlobalSection(ExtensibilityGlobals) = postSolution
		SolutionGuid = {FD6AFAE2-88B2-4063-9C6C-0250AC1D854A}
	EndGlobalSection
EndGlobal
