
Microsoft Visual Studio Solution File, Format Version 12.00
# Visual Studio Version 16
VisualStudioVersion = 16.0.30413.136
MinimumVisualStudioVersion = 10.0.40219.1
Project("{F184B08F-C81C-45F6-A57F-5ABD9991F28F}") = "Coversor de Monedas - Ejer. 1", "Coversor de Monedas - Ejer. 1\Coversor de Monedas - Ejer. 1.vbproj", "{A5EE9C2A-7AE9-46E2-BB81-A7BFB17EDA91}"
EndProject
Global
	GlobalSection(SolutionConfigurationPlatforms) = preSolution
		Debug|Any CPU = Debug|Any CPU
		Release|Any CPU = Release|Any CPU
	EndGlobalSection
	GlobalSection(ProjectConfigurationPlatforms) = postSolution
		{A5EE9C2A-7AE9-46E2-BB81-A7BFB17EDA91}.Debug|Any CPU.ActiveCfg = Debug|Any CPU
		{A5EE9C2A-7AE9-46E2-BB81-A7BFB17EDA91}.Debug|Any CPU.Build.0 = Debug|Any CPU
		{A5EE9C2A-7AE9-46E2-BB81-A7BFB17EDA91}.Release|Any CPU.ActiveCfg = Release|Any CPU
		{A5EE9C2A-7AE9-46E2-BB81-A7BFB17EDA91}.Release|Any CPU.Build.0 = Release|Any CPU
	EndGlobalSection
	GlobalSection(SolutionProperties) = preSolution
		HideSolutionNode = FALSE
	EndGlobalSection
	GlobalSection(ExtensibilityGlobals) = postSolution
		SolutionGuid = {5A555C25-08CC-4AFE-83C9-837FBB1E6D76}
	EndGlobalSection
EndGlobal
